
Microsoft Visual Studio Solution File, Format Version 12.00
# Visual Studio Version 16
VisualStudioVersion = 16.0.29920.165
MinimumVisualStudioVersion = 10.0.40219.1
Project("{9A19103F-16F7-4668-BE54-9A1E7A4F7556}") = "Quabot", "Quabot\Quabot.csproj", "{8EB6829C-2102-4822-BEDC-2A2FD5CA05A8}"
EndProject
Global
	GlobalSection(SolutionConfigurationPlatforms) = preSolution
		Debug|Any CPU = Debug|Any CPU
		Release|Any CPU = Release|Any CPU
	EndGlobalSection
	GlobalSection(ProjectConfigurationPlatforms) = postSolution
		{8EB6829C-2102-4822-BEDC-2A2FD5CA05A8}.Debug|Any CPU.ActiveCfg = Debug|Any CPU
		{8EB6829C-2102-4822-BEDC-2A2FD5CA05A8}.Debug|Any CPU.Build.0 = Debug|Any CPU
		{8EB6829C-2102-4822-BEDC-2A2FD5CA05A8}.Release|Any CPU.ActiveCfg = Release|Any CPU
		{8EB6829C-2102-4822-BEDC-2A2FD5CA05A8}.Release|Any CPU.Build.0 = Release|Any CPU
	EndGlobalSection
	GlobalSection(SolutionProperties) = preSolution
		HideSolutionNode = FALSE
	EndGlobalSection
	GlobalSection(ExtensibilityGlobals) = postSolution
		SolutionGuid = {33CCFCE0-DAED-49E9-8054-C4828409253B}
	EndGlobalSection
EndGlobal
